<Solution>
  <Folder Name="/Solution Items/">
    <File Path=".gitignore" />
    <File Path="GameBlocker/appsettings.json" />
    <File Path="README.md" />
  </Folder>
  <Project Path="GameBlocker.Launcher/GameBlocker.Launcher.csproj" />
  <Project Path="GameBlocker.Tests/GameBlocker.Tests.csproj" />
  <Project Path="GameBlocker/GameBlocker.csproj" />
</Solution>
